
Microsoft Visual Studio Solution File, Format Version 12.00
# Visual Studio Version 17
VisualStudioVersion = 17.2.32526.322
MinimumVisualStudioVersion = 10.0.40219.1
Project("{FAE04EC0-301F-11D3-BF4B-00C04F79EFBC}") = "Aula2", "Aula2\Aula2.csproj", "{E5637DFC-9B44-4B84-A8AC-0C96A157AE03}"
EndProject
Global
	GlobalSection(SolutionConfigurationPlatforms) = preSolution
		Debug|Any CPU = Debug|Any CPU
		Release|Any CPU = Release|Any CPU
	EndGlobalSection
	GlobalSection(ProjectConfigurationPlatforms) = postSolution
		{E5637DFC-9B44-4B84-A8AC-0C96A157AE03}.Debug|Any CPU.ActiveCfg = Debug|Any CPU
		{E5637DFC-9B44-4B84-A8AC-0C96A157AE03}.Debug|Any CPU.Build.0 = Debug|Any CPU
		{E5637DFC-9B44-4B84-A8AC-0C96A157AE03}.Release|Any CPU.ActiveCfg = Release|Any CPU
		{E5637DFC-9B44-4B84-A8AC-0C96A157AE03}.Release|Any CPU.Build.0 = Release|Any CPU
	EndGlobalSection
	GlobalSection(SolutionProperties) = preSolution
		HideSolutionNode = FALSE
	EndGlobalSection
	GlobalSection(ExtensibilityGlobals) = postSolution
		SolutionGuid = {DDAA796E-7036-435A-BF26-17BAC2EA489C}
	EndGlobalSection
EndGlobal
